
Microsoft Visual Studio Solution File, Format Version 12.00
# Visual Studio 15
VisualStudioVersion = 15.0.27703.2026
MinimumVisualStudioVersion = 10.0.40219.1
Project("{FAE04EC0-301F-11D3-BF4B-00C04F79EFBC}") = "BasicNetwork", "BasicNetwork\BasicNetwork.csproj", "{BAF05ADD-790B-40C5-9DFD-0B0556773961}"
EndProject
Project("{FAE04EC0-301F-11D3-BF4B-00C04F79EFBC}") = "NetworkGUI", "NetworkGUI\NetworkGUI.csproj", "{8ADF29F8-B50F-4251-9534-E3354F227C93}"
EndProject
Project("{FAE04EC0-301F-11D3-BF4B-00C04F79EFBC}") = "Node", "Node\Node.csproj", "{A9AFD1AD-1ABB-4F13-A90D-F6C89431A9DC}"
EndProject
Global
	GlobalSection(SolutionConfigurationPlatforms) = preSolution
		Debug|Any CPU = Debug|Any CPU
		Release|Any CPU = Release|Any CPU
	EndGlobalSection
	GlobalSection(ProjectConfigurationPlatforms) = postSolution
		{BAF05ADD-790B-40C5-9DFD-0B0556773961}.Debug|Any CPU.ActiveCfg = Debug|Any CPU
		{BAF05ADD-790B-40C5-9DFD-0B0556773961}.Debug|Any CPU.Build.0 = Debug|Any CPU
		{BAF05ADD-790B-40C5-9DFD-0B0556773961}.Release|Any CPU.ActiveCfg = Release|Any CPU
		{BAF05ADD-790B-40C5-9DFD-0B0556773961}.Release|Any CPU.Build.0 = Release|Any CPU
		{8ADF29F8-B50F-4251-9534-E3354F227C93}.Debug|Any CPU.ActiveCfg = Debug|Any CPU
		{8ADF29F8-B50F-4251-9534-E3354F227C93}.Debug|Any CPU.Build.0 = Debug|Any CPU
		{8ADF29F8-B50F-4251-9534-E3354F227C93}.Release|Any CPU.ActiveCfg = Release|Any CPU
		{8ADF29F8-B50F-4251-9534-E3354F227C93}.Release|Any CPU.Build.0 = Release|Any CPU
		{A9AFD1AD-1ABB-4F13-A90D-F6C89431A9DC}.Debug|Any CPU.ActiveCfg = Debug|Any CPU
		{A9AFD1AD-1ABB-4F13-A90D-F6C89431A9DC}.Debug|Any CPU.Build.0 = Debug|Any CPU
		{A9AFD1AD-1ABB-4F13-A90D-F6C89431A9DC}.Release|Any CPU.ActiveCfg = Release|Any CPU
		{A9AFD1AD-1ABB-4F13-A90D-F6C89431A9DC}.Release|Any CPU.Build.0 = Release|Any CPU
	EndGlobalSection
	GlobalSection(SolutionProperties) = preSolution
		HideSolutionNode = FALSE
	EndGlobalSection
	GlobalSection(ExtensibilityGlobals) = postSolution
		SolutionGuid = {A3D9B509-5589-4E0D-B4DA-78C7109CE352}
	EndGlobalSection
EndGlobal
